
Microsoft Visual Studio Solution File, Format Version 12.00
# Visual Studio Version 17
VisualStudioVersion = 17.11.35327.3
MinimumVisualStudioVersion = 10.0.40219.1
Project("{FAE04EC0-301F-11D3-BF4B-00C04F79EFBC}") = "AzFnApplication", "AzFnApplication\AzFnApplication.csproj", "{33DB0AEF-77F9-4553-8D1F-475C62881F5B}"
EndProject
Global
	GlobalSection(SolutionConfigurationPlatforms) = preSolution
		Debug|Any CPU = Debug|Any CPU
		Release|Any CPU = Release|Any CPU
	EndGlobalSection
	GlobalSection(ProjectConfigurationPlatforms) = postSolution
		{33DB0AEF-77F9-4553-8D1F-475C62881F5B}.Debug|Any CPU.ActiveCfg = Debug|Any CPU
		{33DB0AEF-77F9-4553-8D1F-475C62881F5B}.Debug|Any CPU.Build.0 = Debug|Any CPU
		{33DB0AEF-77F9-4553-8D1F-475C62881F5B}.Release|Any CPU.ActiveCfg = Release|Any CPU
		{33DB0AEF-77F9-4553-8D1F-475C62881F5B}.Release|Any CPU.Build.0 = Release|Any CPU
	EndGlobalSection
	GlobalSection(SolutionProperties) = preSolution
		HideSolutionNode = FALSE
	EndGlobalSection
	GlobalSection(ExtensibilityGlobals) = postSolution
		SolutionGuid = {4D8D899F-51DD-4CB1-BFB0-1C460F812EB8}
	EndGlobalSection
EndGlobal
